// !$*UTF8*$!
{
	archiveVersion = 1;
	classes = {
	};
	objectVersion = 55;
	objects = {

/* Begin PBXBuildFile section */
		F50ACEA02918FFF3002B9102 /* CircularQueueWithArray.swift in Sources */ = {isa = PBXBuildFile; fileRef = F50ACE9F2918FFF3002B9102 /* CircularQueueWithArray.swift */; };
		F50ACEA2291910FB002B9102 /* CircularQueueLinkList.swift in Sources */ = {isa = PBXBuildFile; fileRef = F50ACEA1291910FB002B9102 /* CircularQueueLinkList.swift */; };
		F531E174291F918C007CF463 /* SinglyLinkedList.swift in Sources */ = {isa = PBXBuildFile; fileRef = F531E173291F918B007CF463 /* SinglyLinkedList.swift */; };
		F56D46EF29330F2400283B1C /* QuickSortingRevision.swift in Sources */ = {isa = PBXBuildFile; fileRef = F56D46EE29330F2400283B1C /* QuickSortingRevision.swift */; };
		F56D46F12933160400283B1C /* MergeSortRevision.swift in Sources */ = {isa = PBXBuildFile; fileRef = F56D46F02933160400283B1C /* MergeSortRevision.swift */; };
		F56FF1EC29162F530099E1C7 /* AppDelegate.swift in Sources */ = {isa = PBXBuildFile; fileRef = F56FF1EB29162F530099E1C7 /* AppDelegate.swift */; };
		F56FF1EE29162F530099E1C7 /* SceneDelegate.swift in Sources */ = {isa = PBXBuildFile; fileRef = F56FF1ED29162F530099E1C7 /* SceneDelegate.swift */; };
		F56FF1F029162F530099E1C7 /* ViewController.swift in Sources */ = {isa = PBXBuildFile; fileRef = F56FF1EF29162F530099E1C7 /* ViewController.swift */; };
		F56FF1F329162F530099E1C7 /* Main.storyboard in Resources */ = {isa = PBXBuildFile; fileRef = F56FF1F129162F530099E1C7 /* Main.storyboard */; };
		F56FF1F529162F570099E1C7 /* Assets.xcassets in Resources */ = {isa = PBXBuildFile; fileRef = F56FF1F429162F570099E1C7 /* Assets.xcassets */; };
		F56FF1F829162F570099E1C7 /* LaunchScreen.storyboard in Resources */ = {isa = PBXBuildFile; fileRef = F56FF1F629162F570099E1C7 /* LaunchScreen.storyboard */; };
		F56FF20029162F750099E1C7 /* QueueWithArray.swift in Sources */ = {isa = PBXBuildFile; fileRef = F56FF1FF29162F750099E1C7 /* QueueWithArray.swift */; };
		F56FF20329164B770099E1C7 /* QueueWithLinklist.swift in Sources */ = {isa = PBXBuildFile; fileRef = F56FF20229164B770099E1C7 /* QueueWithLinklist.swift */; };
		F56FF20529164B940099E1C7 /* Node.swift in Sources */ = {isa = PBXBuildFile; fileRef = F56FF20429164B940099E1C7 /* Node.swift */; };
		F582DED329208D50008E54A4 /* DoublyLinkedList.swift in Sources */ = {isa = PBXBuildFile; fileRef = F582DED229208D50008E54A4 /* DoublyLinkedList.swift */; };
		F5926ED72931B82E00353A91 /* RedixSort.swift in Sources */ = {isa = PBXBuildFile; fileRef = F5926ED62931B82E00353A91 /* RedixSort.swift */; };
		F5926ED92931C02200353A91 /* Shell Sort.swift in Sources */ = {isa = PBXBuildFile; fileRef = F5926ED82931C02200353A91 /* Shell Sort.swift */; };
		F596CFC6291B48D800308A72 /* DequeueWithArray.swift in Sources */ = {isa = PBXBuildFile; fileRef = F596CFC5291B48D800308A72 /* DequeueWithArray.swift */; };
		F5A9E88B2930638F00EC006C /* CountingSort.swift in Sources */ = {isa = PBXBuildFile; fileRef = F5A9E88A2930638F00EC006C /* CountingSort.swift */; };
		F5BFAA18292A2A08007DF205 /* BubbleSort.swift in Sources */ = {isa = PBXBuildFile; fileRef = F5BFAA17292A2A08007DF205 /* BubbleSort.swift */; };
		F5BFAA1A292A2D23007DF205 /* SelectionSort.swift in Sources */ = {isa = PBXBuildFile; fileRef = F5BFAA19292A2D23007DF205 /* SelectionSort.swift */; };
		F5BFAA1C292A30D8007DF205 /* InsertionSort.swift in Sources */ = {isa = PBXBuildFile; fileRef = F5BFAA1B292A30D8007DF205 /* InsertionSort.swift */; };
		F5BFAA1F292A5B22007DF205 /* QuickSort.swift in Sources */ = {isa = PBXBuildFile; fileRef = F5BFAA1E292A5B22007DF205 /* QuickSort.swift */; };
		F5CE27EF2925D95C00453507 /* DoublyCircularLL.swift in Sources */ = {isa = PBXBuildFile; fileRef = F5CE27EE2925D95C00453507 /* DoublyCircularLL.swift */; };
		F5D301C8292C76B7009A455A /* HeapSort.swift in Sources */ = {isa = PBXBuildFile; fileRef = F5D301C7292C76B7009A455A /* HeapSort.swift */; };
		F5DA65B22926140800014CE7 /* Search.swift in Sources */ = {isa = PBXBuildFile; fileRef = F5DA65B12926140800014CE7 /* Search.swift */; };
		F5EEDA0C29272108001F1129 /* AdditionOfPolynomial.swift in Sources */ = {isa = PBXBuildFile; fileRef = F5EEDA0B29272108001F1129 /* AdditionOfPolynomial.swift */; };
		F5F3AAC62923264F00B28AFD /* CircularLinkedList.swift in Sources */ = {isa = PBXBuildFile; fileRef = F5F3AAC52923264F00B28AFD /* CircularLinkedList.swift */; };
		F5FCC354292B3F39009ED477 /* MergeSort.swift in Sources */ = {isa = PBXBuildFile; fileRef = F5FCC353292B3F39009ED477 /* MergeSort.swift */; };
/* End PBXBuildFile section */

/* Begin PBXFileReference section */
		F50ACE9F2918FFF3002B9102 /* CircularQueueWithArray.swift */ = {isa = PBXFileReference; lastKnownFileType = sourcecode.swift; path = CircularQueueWithArray.swift; sourceTree = "<group>"; };
		F50ACEA1291910FB002B9102 /* CircularQueueLinkList.swift */ = {isa = PBXFileReference; lastKnownFileType = sourcecode.swift; path = CircularQueueLinkList.swift; sourceTree = "<group>"; };
		F531E173291F918B007CF463 /* SinglyLinkedList.swift */ = {isa = PBXFileReference; lastKnownFileType = sourcecode.swift; path = SinglyLinkedList.swift; sourceTree = "<group>"; };
		F56D46EE29330F2400283B1C /* QuickSortingRevision.swift */ = {isa = PBXFileReference; lastKnownFileType = sourcecode.swift; path = QuickSortingRevision.swift; sourceTree = "<group>"; };
		F56D46F02933160400283B1C /* MergeSortRevision.swift */ = {isa = PBXFileReference; lastKnownFileType = sourcecode.swift; path = MergeSortRevision.swift; sourceTree = "<group>"; };
		F56FF1E829162F530099E1C7 /* DSPractice.app */ = {isa = PBXFileReference; explicitFileType = wrapper.application; includeInIndex = 0; path = DSPractice.app; sourceTree = BUILT_PRODUCTS_DIR; };
		F56FF1EB29162F530099E1C7 /* AppDelegate.swift */ = {isa = PBXFileReference; lastKnownFileType = sourcecode.swift; path = AppDelegate.swift; sourceTree = "<group>"; };
		F56FF1ED29162F530099E1C7 /* SceneDelegate.swift */ = {isa = PBXFileReference; lastKnownFileType = sourcecode.swift; path = SceneDelegate.swift; sourceTree = "<group>"; };
		F56FF1EF29162F530099E1C7 /* ViewController.swift */ = {isa = PBXFileReference; lastKnownFileType = sourcecode.swift; path = ViewController.swift; sourceTree = "<group>"; };
		F56FF1F229162F530099E1C7 /* Base */ = {isa = PBXFileReference; lastKnownFileType = file.storyboard; name = Base; path = Base.lproj/Main.storyboard; sourceTree = "<group>"; };
		F56FF1F429162F570099E1C7 /* Assets.xcassets */ = {isa = PBXFileReference; lastKnownFileType = folder.assetcatalog; path = Assets.xcassets; sourceTree = "<group>"; };
		F56FF1F729162F570099E1C7 /* Base */ = {isa = PBXFileReference; lastKnownFileType = file.storyboard; name = Base; path = Base.lproj/LaunchScreen.storyboard; sourceTree = "<group>"; };
		F56FF1F929162F570099E1C7 /* Info.plist */ = {isa = PBXFileReference; lastKnownFileType = text.plist.xml; path = Info.plist; sourceTree = "<group>"; };
		F56FF1FF29162F750099E1C7 /* QueueWithArray.swift */ = {isa = PBXFileReference; lastKnownFileType = sourcecode.swift; path = QueueWithArray.swift; sourceTree = "<group>"; };
		F56FF20229164B770099E1C7 /* QueueWithLinklist.swift */ = {isa = PBXFileReference; lastKnownFileType = sourcecode.swift; path = QueueWithLinklist.swift; sourceTree = "<group>"; };
		F56FF20429164B940099E1C7 /* Node.swift */ = {isa = PBXFileReference; lastKnownFileType = sourcecode.swift; path = Node.swift; sourceTree = "<group>"; };
		F582DED229208D50008E54A4 /* DoublyLinkedList.swift */ = {isa = PBXFileReference; lastKnownFileType = sourcecode.swift; path = DoublyLinkedList.swift; sourceTree = "<group>"; };
		F5926ED62931B82E00353A91 /* RedixSort.swift */ = {isa = PBXFileReference; lastKnownFileType = sourcecode.swift; path = RedixSort.swift; sourceTree = "<group>"; };
		F5926ED82931C02200353A91 /* Shell Sort.swift */ = {isa = PBXFileReference; lastKnownFileType = sourcecode.swift; path = "Shell Sort.swift"; sourceTree = "<group>"; };
		F596CFC5291B48D800308A72 /* DequeueWithArray.swift */ = {isa = PBXFileReference; lastKnownFileType = sourcecode.swift; path = DequeueWithArray.swift; sourceTree = "<group>"; };
		F5A9E88A2930638F00EC006C /* CountingSort.swift */ = {isa = PBXFileReference; lastKnownFileType = sourcecode.swift; path = CountingSort.swift; sourceTree = "<group>"; };
		F5BFAA17292A2A08007DF205 /* BubbleSort.swift */ = {isa = PBXFileReference; lastKnownFileType = sourcecode.swift; path = BubbleSort.swift; sourceTree = "<group>"; };
		F5BFAA19292A2D23007DF205 /* SelectionSort.swift */ = {isa = PBXFileReference; lastKnownFileType = sourcecode.swift; path = SelectionSort.swift; sourceTree = "<group>"; };
		F5BFAA1B292A30D8007DF205 /* InsertionSort.swift */ = {isa = PBXFileReference; lastKnownFileType = sourcecode.swift; path = InsertionSort.swift; sourceTree = "<group>"; };
		F5BFAA1E292A5B22007DF205 /* QuickSort.swift */ = {isa = PBXFileReference; lastKnownFileType = sourcecode.swift; path = QuickSort.swift; sourceTree = "<group>"; };
		F5CE27EE2925D95C00453507 /* DoublyCircularLL.swift */ = {isa = PBXFileReference; lastKnownFileType = sourcecode.swift; path = DoublyCircularLL.swift; sourceTree = "<group>"; };
		F5D301C7292C76B7009A455A /* HeapSort.swift */ = {isa = PBXFileReference; lastKnownFileType = sourcecode.swift; path = HeapSort.swift; sourceTree = "<group>"; };
		F5DA65B12926140800014CE7 /* Search.swift */ = {isa = PBXFileReference; lastKnownFileType = sourcecode.swift; path = Search.swift; sourceTree = "<group>"; };
		F5EEDA0B29272108001F1129 /* AdditionOfPolynomial.swift */ = {isa = PBXFileReference; lastKnownFileType = sourcecode.swift; path = AdditionOfPolynomial.swift; sourceTree = "<group>"; };
		F5F3AAC52923264F00B28AFD /* CircularLinkedList.swift */ = {isa = PBXFileReference; lastKnownFileType = sourcecode.swift; path = CircularLinkedList.swift; sourceTree = "<group>"; };
		F5FCC353292B3F39009ED477 /* MergeSort.swift */ = {isa = PBXFileReference; lastKnownFileType = sourcecode.swift; path = MergeSort.swift; sourceTree = "<group>"; };
/* End PBXFileReference section */

/* Begin PBXFrameworksBuildPhase section */
		F56FF1E529162F530099E1C7 /* Frameworks */ = {
			isa = PBXFrameworksBuildPhase;
			buildActionMask = 2147483647;
			files = (
			);
			runOnlyForDeploymentPostprocessing = 0;
		};
/* End PBXFrameworksBuildPhase section */

/* Begin PBXGroup section */
		F531E172291F9175007CF463 /* Linked List */ = {
			isa = PBXGroup;
			children = (
				F531E173291F918B007CF463 /* SinglyLinkedList.swift */,
				F582DED229208D50008E54A4 /* DoublyLinkedList.swift */,
				F5F3AAC52923264F00B28AFD /* CircularLinkedList.swift */,
				F5CE27EE2925D95C00453507 /* DoublyCircularLL.swift */,
				F5EEDA0B29272108001F1129 /* AdditionOfPolynomial.swift */,
			);
			path = "Linked List";
			sourceTree = "<group>";
		};
		F56D46ED29330F1300283B1C /* Sorting Practice */ = {
			isa = PBXGroup;
			children = (
				F56D46EE29330F2400283B1C /* QuickSortingRevision.swift */,
				F56D46F02933160400283B1C /* MergeSortRevision.swift */,
			);
			path = "Sorting Practice";
			sourceTree = "<group>";
		};
		F56FF1DF29162F530099E1C7 = {
			isa = PBXGroup;
			children = (
				F56FF1EA29162F530099E1C7 /* DSPractice */,
				F56FF1E929162F530099E1C7 /* Products */,
			);
			sourceTree = "<group>";
		};
		F56FF1E929162F530099E1C7 /* Products */ = {
			isa = PBXGroup;
			children = (
				F56FF1E829162F530099E1C7 /* DSPractice.app */,
			);
			name = Products;
			sourceTree = "<group>";
		};
		F56FF1EA29162F530099E1C7 /* DSPractice */ = {
			isa = PBXGroup;
			children = (
				F56D46ED29330F1300283B1C /* Sorting Practice */,
				F5BFAA16292A29FE007DF205 /* Sorting */,
				F5DA65B0292613FC00014CE7 /* Searching */,
				F531E172291F9175007CF463 /* Linked List */,
				F56FF20129162F790099E1C7 /* Queue */,
				F56FF1EB29162F530099E1C7 /* AppDelegate.swift */,
				F56FF1ED29162F530099E1C7 /* SceneDelegate.swift */,
				F56FF1EF29162F530099E1C7 /* ViewController.swift */,
				F56FF1F129162F530099E1C7 /* Main.storyboard */,
				F56FF1F429162F570099E1C7 /* Assets.xcassets */,
				F56FF1F629162F570099E1C7 /* LaunchScreen.storyboard */,
				F56FF1F929162F570099E1C7 /* Info.plist */,
			);
			path = DSPractice;
			sourceTree = "<group>";
		};
		F56FF20129162F790099E1C7 /* Queue */ = {
			isa = PBXGroup;
			children = (
				F56FF20429164B940099E1C7 /* Node.swift */,
				F56FF1FF29162F750099E1C7 /* QueueWithArray.swift */,
				F56FF20229164B770099E1C7 /* QueueWithLinklist.swift */,
				F50ACE9F2918FFF3002B9102 /* CircularQueueWithArray.swift */,
				F50ACEA1291910FB002B9102 /* CircularQueueLinkList.swift */,
				F596CFC5291B48D800308A72 /* DequeueWithArray.swift */,
			);
			path = Queue;
			sourceTree = "<group>";
		};
		F5BFAA16292A29FE007DF205 /* Sorting */ = {
			isa = PBXGroup;
			children = (
				F5BFAA17292A2A08007DF205 /* BubbleSort.swift */,
				F5BFAA19292A2D23007DF205 /* SelectionSort.swift */,
				F5BFAA1B292A30D8007DF205 /* InsertionSort.swift */,
				F5BFAA1E292A5B22007DF205 /* QuickSort.swift */,
				F5FCC353292B3F39009ED477 /* MergeSort.swift */,
				F5D301C7292C76B7009A455A /* HeapSort.swift */,
				F5A9E88A2930638F00EC006C /* CountingSort.swift */,
				F5926ED62931B82E00353A91 /* RedixSort.swift */,
				F5926ED82931C02200353A91 /* Shell Sort.swift */,
			);
			path = Sorting;
			sourceTree = "<group>";
		};
		F5DA65B0292613FC00014CE7 /* Searching */ = {
			isa = PBXGroup;
			children = (
				F5DA65B12926140800014CE7 /* Search.swift */,
			);
			path = Searching;
			sourceTree = "<group>";
		};
/* End PBXGroup section */

/* Begin PBXNativeTarget section */
		F56FF1E729162F530099E1C7 /* DSPractice */ = {
			isa = PBXNativeTarget;
			buildConfigurationList = F56FF1FC29162F570099E1C7 /* Build configuration list for PBXNativeTarget "DSPractice" */;
			buildPhases = (
				F56FF1E429162F530099E1C7 /* Sources */,
				F56FF1E529162F530099E1C7 /* Frameworks */,
				F56FF1E629162F530099E1C7 /* Resources */,
			);
			buildRules = (
			);
			dependencies = (
			);
			name = DSPractice;
			productName = DSPractice;
			productReference = F56FF1E829162F530099E1C7 /* DSPractice.app */;
			productType = "com.apple.product-type.application";
		};
/* End PBXNativeTarget section */

/* Begin PBXProject section */
		F56FF1E029162F530099E1C7 /* Project object */ = {
			isa = PBXProject;
			attributes = {
				BuildIndependentTargetsInParallel = 1;
				LastSwiftUpdateCheck = 1330;
				LastUpgradeCheck = 1330;
				TargetAttributes = {
					F56FF1E729162F530099E1C7 = {
						CreatedOnToolsVersion = 13.3;
					};
				};
			};
			buildConfigurationList = F56FF1E329162F530099E1C7 /* Build configuration list for PBXProject "DSPractice" */;
			compatibilityVersion = "Xcode 13.0";
			developmentRegion = en;
			hasScannedForEncodings = 0;
			knownRegions = (
				en,
				Base,
			);
			mainGroup = F56FF1DF29162F530099E1C7;
			productRefGroup = F56FF1E929162F530099E1C7 /* Products */;
			projectDirPath = "";
			projectRoot = "";
			targets = (
				F56FF1E729162F530099E1C7 /* DSPractice */,
			);
		};
/* End PBXProject section */

/* Begin PBXResourcesBuildPhase section */
		F56FF1E629162F530099E1C7 /* Resources */ = {
			isa = PBXResourcesBuildPhase;
			buildActionMask = 2147483647;
			files = (
				F56FF1F829162F570099E1C7 /* LaunchScreen.storyboard in Resources */,
				F56FF1F529162F570099E1C7 /* Assets.xcassets in Resources */,
				F56FF1F329162F530099E1C7 /* Main.storyboard in Resources */,
			);
			runOnlyForDeploymentPostprocessing = 0;
		};
/* End PBXResourcesBuildPhase section */

/* Begin PBXSourcesBuildPhase section */
		F56FF1E429162F530099E1C7 /* Sources */ = {
			isa = PBXSourcesBuildPhase;
			buildActionMask = 2147483647;
			files = (
				F5BFAA1A292A2D23007DF205 /* SelectionSort.swift in Sources */,
				F531E174291F918C007CF463 /* SinglyLinkedList.swift in Sources */,
				F596CFC6291B48D800308A72 /* DequeueWithArray.swift in Sources */,
				F5926ED92931C02200353A91 /* Shell Sort.swift in Sources */,
				F56FF20329164B770099E1C7 /* QueueWithLinklist.swift in Sources */,
				F582DED329208D50008E54A4 /* DoublyLinkedList.swift in Sources */,
				F5926ED72931B82E00353A91 /* RedixSort.swift in Sources */,
				F5CE27EF2925D95C00453507 /* DoublyCircularLL.swift in Sources */,
				F56FF20529164B940099E1C7 /* Node.swift in Sources */,
				F50ACEA2291910FB002B9102 /* CircularQueueLinkList.swift in Sources */,
				F56FF1F029162F530099E1C7 /* ViewController.swift in Sources */,
				F5BFAA1C292A30D8007DF205 /* InsertionSort.swift in Sources */,
				F5D301C8292C76B7009A455A /* HeapSort.swift in Sources */,
				F5FCC354292B3F39009ED477 /* MergeSort.swift in Sources */,
				F56D46EF29330F2400283B1C /* QuickSortingRevision.swift in Sources */,
				F5BFAA1F292A5B22007DF205 /* QuickSort.swift in Sources */,
				F5F3AAC62923264F00B28AFD /* CircularLinkedList.swift in Sources */,
				F56FF1EC29162F530099E1C7 /* AppDelegate.swift in Sources */,
				F5DA65B22926140800014CE7 /* Search.swift in Sources */,
				F50ACEA02918FFF3002B9102 /* CircularQueueWithArray.swift in Sources */,
				F5EEDA0C29272108001F1129 /* AdditionOfPolynomial.swift in Sources */,
				F56FF1EE29162F530099E1C7 /* SceneDelegate.swift in Sources */,
				F56FF20029162F750099E1C7 /* QueueWithArray.swift in Sources */,
				F5A9E88B2930638F00EC006C /* CountingSort.swift in Sources */,
				F5BFAA18292A2A08007DF205 /* BubbleSort.swift in Sources */,
				F56D46F12933160400283B1C /* MergeSortRevision.swift in Sources */,
			);
			runOnlyForDeploymentPostprocessing = 0;
		};
/* End PBXSourcesBuildPhase section */

/* Begin PBXVariantGroup section */
		F56FF1F129162F530099E1C7 /* Main.storyboard */ = {
			isa = PBXVariantGroup;
			children = (
				F56FF1F229162F530099E1C7 /* Base */,
			);
			name = Main.storyboard;
			sourceTree = "<group>";
		};
		F56FF1F629162F570099E1C7 /* LaunchScreen.storyboard */ = {
			isa = PBXVariantGroup;
			children = (
				F56FF1F729162F570099E1C7 /* Base */,
			);
			name = LaunchScreen.storyboard;
			sourceTree = "<group>";
		};
/* End PBXVariantGroup section */

/* Begin XCBuildConfiguration section */
		F56FF1FA29162F570099E1C7 /* Debug */ = {
			isa = XCBuildConfiguration;
			buildSettings = {
				ALWAYS_SEARCH_USER_PATHS = NO;
				CLANG_ANALYZER_NONNULL = YES;
				CLANG_ANALYZER_NUMBER_OBJECT_CONVERSION = YES_AGGRESSIVE;
				CLANG_CXX_LANGUAGE_STANDARD = "gnu++17";
				CLANG_ENABLE_MODULES = YES;
				CLANG_ENABLE_OBJC_ARC = YES;
				CLANG_ENABLE_OBJC_WEAK = YES;
				CLANG_WARN_BLOCK_CAPTURE_AUTORELEASING = YES;
				CLANG_WARN_BOOL_CONVERSION = YES;
				CLANG_WARN_COMMA = YES;
				CLANG_WARN_CONSTANT_CONVERSION = YES;
				CLANG_WARN_DEPRECATED_OBJC_IMPLEMENTATIONS = YES;
				CLANG_WARN_DIRECT_OBJC_ISA_USAGE = YES_ERROR;
				CLANG_WARN_DOCUMENTATION_COMMENTS = YES;
				CLANG_WARN_EMPTY_BODY = YES;
				CLANG_WARN_ENUM_CONVERSION = YES;
				CLANG_WARN_INFINITE_RECURSION = YES;
				CLANG_WARN_INT_CONVERSION = YES;
				CLANG_WARN_NON_LITERAL_NULL_CONVERSION = YES;
				CLANG_WARN_OBJC_IMPLICIT_RETAIN_SELF = YES;
				CLANG_WARN_OBJC_LITERAL_CONVERSION = YES;
				CLANG_WARN_OBJC_ROOT_CLASS = YES_ERROR;
				CLANG_WARN_QUOTED_INCLUDE_IN_FRAMEWORK_HEADER = YES;
				CLANG_WARN_RANGE_LOOP_ANALYSIS = YES;
				CLANG_WARN_STRICT_PROTOTYPES = YES;
				CLANG_WARN_SUSPICIOUS_MOVE = YES;
				CLANG_WARN_UNGUARDED_AVAILABILITY = YES_AGGRESSIVE;
				CLANG_WARN_UNREACHABLE_CODE = YES;
				CLANG_WARN__DUPLICATE_METHOD_MATCH = YES;
				COPY_PHASE_STRIP = NO;
				DEBUG_INFORMATION_FORMAT = dwarf;
				ENABLE_STRICT_OBJC_MSGSEND = YES;
				ENABLE_TESTABILITY = YES;
				GCC_C_LANGUAGE_STANDARD = gnu11;
				GCC_DYNAMIC_NO_PIC = NO;
				GCC_NO_COMMON_BLOCKS = YES;
				GCC_OPTIMIZATION_LEVEL = 0;
				GCC_PREPROCESSOR_DEFINITIONS = (
					"DEBUG=1",
					"$(inherited)",
				);
				GCC_WARN_64_TO_32_BIT_CONVERSION = YES;
				GCC_WARN_ABOUT_RETURN_TYPE = YES_ERROR;
				GCC_WARN_UNDECLARED_SELECTOR = YES;
				GCC_WARN_UNINITIALIZED_AUTOS = YES_AGGRESSIVE;
				GCC_WARN_UNUSED_FUNCTION = YES;
				GCC_WARN_UNUSED_VARIABLE = YES;
				IPHONEOS_DEPLOYMENT_TARGET = 15.4;
				MTL_ENABLE_DEBUG_INFO = INCLUDE_SOURCE;
				MTL_FAST_MATH = YES;
				ONLY_ACTIVE_ARCH = YES;
				SDKROOT = iphoneos;
				SWIFT_ACTIVE_COMPILATION_CONDITIONS = DEBUG;
				SWIFT_OPTIMIZATION_LEVEL = "-Onone";
			};
			name = Debug;
		};
		F56FF1FB29162F570099E1C7 /* Release */ = {
			isa = XCBuildConfiguration;
			buildSettings = {
				ALWAYS_SEARCH_USER_PATHS = NO;
				CLANG_ANALYZER_NONNULL = YES;
				CLANG_ANALYZER_NUMBER_OBJECT_CONVERSION = YES_AGGRESSIVE;
				CLANG_CXX_LANGUAGE_STANDARD = "gnu++17";
				CLANG_ENABLE_MODULES = YES;
				CLANG_ENABLE_OBJC_ARC = YES;
				CLANG_ENABLE_OBJC_WEAK = YES;
				CLANG_WARN_BLOCK_CAPTURE_AUTORELEASING = YES;
				CLANG_WARN_BOOL_CONVERSION = YES;
				CLANG_WARN_COMMA = YES;
				CLANG_WARN_CONSTANT_CONVERSION = YES;
				CLANG_WARN_DEPRECATED_OBJC_IMPLEMENTATIONS = YES;
				CLANG_WARN_DIRECT_OBJC_ISA_USAGE = YES_ERROR;
				CLANG_WARN_DOCUMENTATION_COMMENTS = YES;
				CLANG_WARN_EMPTY_BODY = YES;
				CLANG_WARN_ENUM_CONVERSION = YES;
				CLANG_WARN_INFINITE_RECURSION = YES;
				CLANG_WARN_INT_CONVERSION = YES;
				CLANG_WARN_NON_LITERAL_NULL_CONVERSION = YES;
				CLANG_WARN_OBJC_IMPLICIT_RETAIN_SELF = YES;
				CLANG_WARN_OBJC_LITERAL_CONVERSION = YES;
				CLANG_WARN_OBJC_ROOT_CLASS = YES_ERROR;
				CLANG_WARN_QUOTED_INCLUDE_IN_FRAMEWORK_HEADER = YES;
				CLANG_WARN_RANGE_LOOP_ANALYSIS = YES;
				CLANG_WARN_STRICT_PROTOTYPES = YES;
				CLANG_WARN_SUSPICIOUS_MOVE = YES;
				CLANG_WARN_UNGUARDED_AVAILABILITY = YES_AGGRESSIVE;
				CLANG_WARN_UNREACHABLE_CODE = YES;
				CLANG_WARN__DUPLICATE_METHOD_MATCH = YES;
				COPY_PHASE_STRIP = NO;
				DEBUG_INFORMATION_FORMAT = "dwarf-with-dsym";
				ENABLE_NS_ASSERTIONS = NO;
				ENABLE_STRICT_OBJC_MSGSEND = YES;
				GCC_C_LANGUAGE_STANDARD = gnu11;
				GCC_NO_COMMON_BLOCKS = YES;
				GCC_WARN_64_TO_32_BIT_CONVERSION = YES;
				GCC_WARN_ABOUT_RETURN_TYPE = YES_ERROR;
				GCC_WARN_UNDECLARED_SELECTOR = YES;
				GCC_WARN_UNINITIALIZED_AUTOS = YES_AGGRESSIVE;
				GCC_WARN_UNUSED_FUNCTION = YES;
				GCC_WARN_UNUSED_VARIABLE = YES;
				IPHONEOS_DEPLOYMENT_TARGET = 15.4;
				MTL_ENABLE_DEBUG_INFO = NO;
				MTL_FAST_MATH = YES;
				SDKROOT = iphoneos;
				SWIFT_COMPILATION_MODE = wholemodule;
				SWIFT_OPTIMIZATION_LEVEL = "-O";
				VALIDATE_PRODUCT = YES;
			};
			name = Release;
		};
		F56FF1FD29162F570099E1C7 /* Debug */ = {
			isa = XCBuildConfiguration;
			buildSettings = {
				ASSETCATALOG_COMPILER_APPICON_NAME = AppIcon;
				ASSETCATALOG_COMPILER_GLOBAL_ACCENT_COLOR_NAME = AccentColor;
				CODE_SIGN_STYLE = Automatic;
				CURRENT_PROJECT_VERSION = 1;
				DEVELOPMENT_TEAM = L2WG7FZ7D7;
				GENERATE_INFOPLIST_FILE = YES;
				INFOPLIST_FILE = DSPractice/Info.plist;
				INFOPLIST_KEY_UIApplicationSupportsIndirectInputEvents = YES;
				INFOPLIST_KEY_UILaunchStoryboardName = LaunchScreen;
				INFOPLIST_KEY_UIMainStoryboardFile = Main;
				INFOPLIST_KEY_UISupportedInterfaceOrientations_iPad = "UIInterfaceOrientationPortrait UIInterfaceOrientationPortraitUpsideDown UIInterfaceOrientationLandscapeLeft UIInterfaceOrientationLandscapeRight";
				INFOPLIST_KEY_UISupportedInterfaceOrientations_iPhone = "UIInterfaceOrientationPortrait UIInterfaceOrientationLandscapeLeft UIInterfaceOrientationLandscapeRight";
				LD_RUNPATH_SEARCH_PATHS = (
					"$(inherited)",
					"@executable_path/Frameworks",
				);
				MARKETING_VERSION = 1.0;
				PRODUCT_BUNDLE_IDENTIFIER = Anil.DSPractice;
				PRODUCT_NAME = "$(TARGET_NAME)";
				SWIFT_EMIT_LOC_STRINGS = YES;
				SWIFT_VERSION = 5.0;
				TARGETED_DEVICE_FAMILY = "1,2";
			};
			name = Debug;
		};
		F56FF1FE29162F570099E1C7 /* Release */ = {
			isa = XCBuildConfiguration;
			buildSettings = {
				ASSETCATALOG_COMPILER_APPICON_NAME = AppIcon;
				ASSETCATALOG_COMPILER_GLOBAL_ACCENT_COLOR_NAME = AccentColor;
				CODE_SIGN_STYLE = Automatic;
				CURRENT_PROJECT_VERSION = 1;
				DEVELOPMENT_TEAM = L2WG7FZ7D7;
				GENERATE_INFOPLIST_FILE = YES;
				INFOPLIST_FILE = DSPractice/Info.plist;
				INFOPLIST_KEY_UIApplicationSupportsIndirectInputEvents = YES;
				INFOPLIST_KEY_UILaunchStoryboardName = LaunchScreen;
				INFOPLIST_KEY_UIMainStoryboardFile = Main;
				INFOPLIST_KEY_UISupportedInterfaceOrientations_iPad = "UIInterfaceOrientationPortrait UIInterfaceOrientationPortraitUpsideDown UIInterfaceOrientationLandscapeLeft UIInterfaceOrientationLandscapeRight";
				INFOPLIST_KEY_UISupportedInterfaceOrientations_iPhone = "UIInterfaceOrientationPortrait UIInterfaceOrientationLandscapeLeft UIInterfaceOrientationLandscapeRight";
				LD_RUNPATH_SEARCH_PATHS = (
					"$(inherited)",
					"@executable_path/Frameworks",
				);
				MARKETING_VERSION = 1.0;
				PRODUCT_BUNDLE_IDENTIFIER = Anil.DSPractice;
				PRODUCT_NAME = "$(TARGET_NAME)";
				SWIFT_EMIT_LOC_STRINGS = YES;
				SWIFT_VERSION = 5.0;
				TARGETED_DEVICE_FAMILY = "1,2";
			};
			name = Release;
		};
/* End XCBuildConfiguration section */

/* Begin XCConfigurationList section */
		F56FF1E329162F530099E1C7 /* Build configuration list for PBXProject "DSPractice" */ = {
			isa = XCConfigurationList;
			buildConfigurations = (
				F56FF1FA29162F570099E1C7 /* Debug */,
				F56FF1FB29162F570099E1C7 /* Release */,
			);
			defaultConfigurationIsVisible = 0;
			defaultConfigurationName = Release;
		};
		F56FF1FC29162F570099E1C7 /* Build configuration list for PBXNativeTarget "DSPractice" */ = {
			isa = XCConfigurationList;
			buildConfigurations = (
				F56FF1FD29162F570099E1C7 /* Debug */,
				F56FF1FE29162F570099E1C7 /* Release */,
			);
			defaultConfigurationIsVisible = 0;
			defaultConfigurationName = Release;
		};
/* End XCConfigurationList section */
	};
	rootObject = F56FF1E029162F530099E1C7 /* Project object */;
}
